// !$*UTF8*$!
{
	archiveVersion = 1;
	classes = {
	};
	objectVersion = 46;
	objects = {

/* Begin PBXBuildFile section */
		973A8EA619C1A3AE009363AF /* Foundation.framework in Frameworks */ = {isa = PBXBuildFile; fileRef = 973A8EA519C1A3AE009363AF /* Foundation.framework */; };
		973A8EA819C1A3AE009363AF /* CoreGraphics.framework in Frameworks */ = {isa = PBXBuildFile; fileRef = 973A8EA719C1A3AE009363AF /* CoreGraphics.framework */; };
		973A8EAA19C1A3AE009363AF /* UIKit.framework in Frameworks */ = {isa = PBXBuildFile; fileRef = 973A8EA919C1A3AE009363AF /* UIKit.framework */; };
		973A8EB019C1A3AE009363AF /* InfoPlist.strings in Resources */ = {isa = PBXBuildFile; fileRef = 973A8EAE19C1A3AE009363AF /* InfoPlist.strings */; };
		973A8EB219C1A3AE009363AF /* main.m in Sources */ = {isa = PBXBuildFile; fileRef = 973A8EB119C1A3AE009363AF /* main.m */; };
		973A8EB619C1A3AE009363AF /* OWAppDelegate.m in Sources */ = {isa = PBXBuildFile; fileRef = 973A8EB519C1A3AE009363AF /* OWAppDelegate.m */; };
		973A8EB919C1A3AE009363AF /* Main.storyboard in Resources */ = {isa = PBXBuildFile; fileRef = 973A8EB719C1A3AE009363AF /* Main.storyboard */; };
		973A8EBE19C1A3AE009363AF /* Images.xcassets in Resources */ = {isa = PBXBuildFile; fileRef = 973A8EBD19C1A3AE009363AF /* Images.xcassets */; };
		973A8EC519C1A3AF009363AF /* XCTest.framework in Frameworks */ = {isa = PBXBuildFile; fileRef = 973A8EC419C1A3AF009363AF /* XCTest.framework */; };
		973A8EC619C1A3AF009363AF /* Foundation.framework in Frameworks */ = {isa = PBXBuildFile; fileRef = 973A8EA519C1A3AE009363AF /* Foundation.framework */; };
		973A8EC719C1A3AF009363AF /* UIKit.framework in Frameworks */ = {isa = PBXBuildFile; fileRef = 973A8EA919C1A3AE009363AF /* UIKit.framework */; };
		973A8ECF19C1A3AF009363AF /* InfoPlist.strings in Resources */ = {isa = PBXBuildFile; fileRef = 973A8ECD19C1A3AF009363AF /* InfoPlist.strings */; };
		973A8ED119C1A3AF009363AF /* Out_Of_This_WorldTests.m in Sources */ = {isa = PBXBuildFile; fileRef = 973A8ED019C1A3AF009363AF /* Out_Of_This_WorldTests.m */; };
		973A8EDC19C1A4AF009363AF /* OWOuterSpaceTableViewController.m in Sources */ = {isa = PBXBuildFile; fileRef = 973A8EDB19C1A4AF009363AF /* OWOuterSpaceTableViewController.m */; };
		973A8EDF19C1BC69009363AF /* AstronomicalData.m in Sources */ = {isa = PBXBuildFile; fileRef = 973A8EDE19C1BC69009363AF /* AstronomicalData.m */; };
		973A8EEA19C1DDF3009363AF /* Earth.jpg in Resources */ = {isa = PBXBuildFile; fileRef = 973A8EE019C1DDF3009363AF /* Earth.jpg */; };
		973A8EEB19C1DDF3009363AF /* EinsteinRing.jpg in Resources */ = {isa = PBXBuildFile; fileRef = 973A8EE119C1DDF3009363AF /* EinsteinRing.jpg */; };
		973A8EEC19C1DDF3009363AF /* Jupiter.jpg in Resources */ = {isa = PBXBuildFile; fileRef = 973A8EE219C1DDF3009363AF /* Jupiter.jpg */; };
		973A8EED19C1DDF3009363AF /* Mars.jpg in Resources */ = {isa = PBXBuildFile; fileRef = 973A8EE319C1DDF3009363AF /* Mars.jpg */; };
		973A8EEE19C1DDF3009363AF /* Mercury.jpg in Resources */ = {isa = PBXBuildFile; fileRef = 973A8EE419C1DDF3009363AF /* Mercury.jpg */; };
		973A8EEF19C1DDF3009363AF /* Neptune.jpg in Resources */ = {isa = PBXBuildFile; fileRef = 973A8EE519C1DDF3009363AF /* Neptune.jpg */; };
		973A8EF019C1DDF3009363AF /* Orion.jpg in Resources */ = {isa = PBXBuildFile; fileRef = 973A8EE619C1DDF3009363AF /* Orion.jpg */; };
		973A8EF119C1DDF3009363AF /* Saturn.jpg in Resources */ = {isa = PBXBuildFile; fileRef = 973A8EE719C1DDF3009363AF /* Saturn.jpg */; };
		973A8EF219C1DDF3009363AF /* Uranus.jpg in Resources */ = {isa = PBXBuildFile; fileRef = 973A8EE819C1DDF3009363AF /* Uranus.jpg */; };
		973A8EF319C1DDF3009363AF /* Venus.jpg in Resources */ = {isa = PBXBuildFile; fileRef = 973A8EE919C1DDF3009363AF /* Venus.jpg */; };
		973A8EF619C1DE91009363AF /* OWSpaceObject.m in Sources */ = {isa = PBXBuildFile; fileRef = 973A8EF519C1DE91009363AF /* OWSpaceObject.m */; };
		97833A9D19C2E53500AAAD34 /* OWSpaceImageViewController.m in Sources */ = {isa = PBXBuildFile; fileRef = 97833A9C19C2E53500AAAD34 /* OWSpaceImageViewController.m */; };
		97833AA319C325A500AAAD34 /* OWSpaceDataViewController.m in Sources */ = {isa = PBXBuildFile; fileRef = 97833AA219C325A500AAAD34 /* OWSpaceDataViewController.m */; };
/* End PBXBuildFile section */

/* Begin PBXContainerItemProxy section */
		973A8EC819C1A3AF009363AF /* PBXContainerItemProxy */ = {
			isa = PBXContainerItemProxy;
			containerPortal = 973A8E9A19C1A3AE009363AF /* Project object */;
			proxyType = 1;
			remoteGlobalIDString = 973A8EA119C1A3AE009363AF;
			remoteInfo = "Out Of This World";
		};
/* End PBXContainerItemProxy section */

/* Begin PBXFileReference section */
		973A8EA219C1A3AE009363AF /* Out Of This World.app */ = {isa = PBXFileReference; explicitFileType = wrapper.application; includeInIndex = 0; path = "Out Of This World.app"; sourceTree = BUILT_PRODUCTS_DIR; };
		973A8EA519C1A3AE009363AF /* Foundation.framework */ = {isa = PBXFileReference; lastKnownFileType = wrapper.framework; name = Foundation.framework; path = System/Library/Frameworks/Foundation.framework; sourceTree = SDKROOT; };
		973A8EA719C1A3AE009363AF /* CoreGraphics.framework */ = {isa = PBXFileReference; lastKnownFileType = wrapper.framework; name = CoreGraphics.framework; path = System/Library/Frameworks/CoreGraphics.framework; sourceTree = SDKROOT; };
		973A8EA919C1A3AE009363AF /* UIKit.framework */ = {isa = PBXFileReference; lastKnownFileType = wrapper.framework; name = UIKit.framework; path = System/Library/Frameworks/UIKit.framework; sourceTree = SDKROOT; };
		973A8EAD19C1A3AE009363AF /* Out Of This World-Info.plist */ = {isa = PBXFileReference; lastKnownFileType = text.plist.xml; path = "Out Of This World-Info.plist"; sourceTree = "<group>"; };
		973A8EAF19C1A3AE009363AF /* en */ = {isa = PBXFileReference; lastKnownFileType = text.plist.strings; name = en; path = en.lproj/InfoPlist.strings; sourceTree = "<group>"; };
		973A8EB119C1A3AE009363AF /* main.m */ = {isa = PBXFileReference; lastKnownFileType = sourcecode.c.objc; path = main.m; sourceTree = "<group>"; };
		973A8EB319C1A3AE009363AF /* Out Of This World-Prefix.pch */ = {isa = PBXFileReference; lastKnownFileType = sourcecode.c.h; path = "Out Of This World-Prefix.pch"; sourceTree = "<group>"; };
		973A8EB419C1A3AE009363AF /* OWAppDelegate.h */ = {isa = PBXFileReference; lastKnownFileType = sourcecode.c.h; path = OWAppDelegate.h; sourceTree = "<group>"; };
		973A8EB519C1A3AE009363AF /* OWAppDelegate.m */ = {isa = PBXFileReference; lastKnownFileType = sourcecode.c.objc; path = OWAppDelegate.m; sourceTree = "<group>"; };
		973A8EB819C1A3AE009363AF /* Base */ = {isa = PBXFileReference; lastKnownFileType = file.storyboard; name = Base; path = Base.lproj/Main.storyboard; sourceTree = "<group>"; };
		973A8EBD19C1A3AE009363AF /* Images.xcassets */ = {isa = PBXFileReference; lastKnownFileType = folder.assetcatalog; path = Images.xcassets; sourceTree = "<group>"; };
		973A8EC319C1A3AF009363AF /* Out Of This WorldTests.xctest */ = {isa = PBXFileReference; explicitFileType = wrapper.cfbundle; includeInIndex = 0; path = "Out Of This WorldTests.xctest"; sourceTree = BUILT_PRODUCTS_DIR; };
		973A8EC419C1A3AF009363AF /* XCTest.framework */ = {isa = PBXFileReference; lastKnownFileType = wrapper.framework; name = XCTest.framework; path = Library/Frameworks/XCTest.framework; sourceTree = DEVELOPER_DIR; };
		973A8ECC19C1A3AF009363AF /* Out Of This WorldTests-Info.plist */ = {isa = PBXFileReference; lastKnownFileType = text.plist.xml; path = "Out Of This WorldTests-Info.plist"; sourceTree = "<group>"; };
		973A8ECE19C1A3AF009363AF /* en */ = {isa = PBXFileReference; lastKnownFileType = text.plist.strings; name = en; path = en.lproj/InfoPlist.strings; sourceTree = "<group>"; };
		973A8ED019C1A3AF009363AF /* Out_Of_This_WorldTests.m */ = {isa = PBXFileReference; lastKnownFileType = sourcecode.c.objc; path = Out_Of_This_WorldTests.m; sourceTree = "<group>"; };
		973A8EDA19C1A4AF009363AF /* OWOuterSpaceTableViewController.h */ = {isa = PBXFileReference; fileEncoding = 4; lastKnownFileType = sourcecode.c.h; name = OWOuterSpaceTableViewController.h; path = ../OWOuterSpaceTableViewController.h; sourceTree = "<group>"; };
		973A8EDB19C1A4AF009363AF /* OWOuterSpaceTableViewController.m */ = {isa = PBXFileReference; fileEncoding = 4; lastKnownFileType = sourcecode.c.objc; name = OWOuterSpaceTableViewController.m; path = ../OWOuterSpaceTableViewController.m; sourceTree = "<group>"; };
		973A8EDD19C1BC69009363AF /* AstronomicalData.h */ = {isa = PBXFileReference; fileEncoding = 4; lastKnownFileType = sourcecode.c.h; path = AstronomicalData.h; sourceTree = "<group>"; };
		973A8EDE19C1BC69009363AF /* AstronomicalData.m */ = {isa = PBXFileReference; fileEncoding = 4; lastKnownFileType = sourcecode.c.objc; path = AstronomicalData.m; sourceTree = "<group>"; };
		973A8EE019C1DDF3009363AF /* Earth.jpg */ = {isa = PBXFileReference; lastKnownFileType = image.jpeg; path = Earth.jpg; sourceTree = "<group>"; };
		973A8EE119C1DDF3009363AF /* EinsteinRing.jpg */ = {isa = PBXFileReference; lastKnownFileType = image.jpeg; path = EinsteinRing.jpg; sourceTree = "<group>"; };
		973A8EE219C1DDF3009363AF /* Jupiter.jpg */ = {isa = PBXFileReference; lastKnownFileType = image.jpeg; path = Jupiter.jpg; sourceTree = "<group>"; };
		973A8EE319C1DDF3009363AF /* Mars.jpg */ = {isa = PBXFileReference; lastKnownFileType = image.jpeg; path = Mars.jpg; sourceTree = "<group>"; };
		973A8EE419C1DDF3009363AF /* Mercury.jpg */ = {isa = PBXFileReference; lastKnownFileType = image.jpeg; path = Mercury.jpg; sourceTree = "<group>"; };
		973A8EE519C1DDF3009363AF /* Neptune.jpg */ = {isa = PBXFileReference; lastKnownFileType = image.jpeg; path = Neptune.jpg; sourceTree = "<group>"; };
		973A8EE619C1DDF3009363AF /* Orion.jpg */ = {isa = PBXFileReference; lastKnownFileType = image.jpeg; path = Orion.jpg; sourceTree = "<group>"; };
		973A8EE719C1DDF3009363AF /* Saturn.jpg */ = {isa = PBXFileReference; lastKnownFileType = image.jpeg; path = Saturn.jpg; sourceTree = "<group>"; };
		973A8EE819C1DDF3009363AF /* Uranus.jpg */ = {isa = PBXFileReference; lastKnownFileType = image.jpeg; path = Uranus.jpg; sourceTree = "<group>"; };
		973A8EE919C1DDF3009363AF /* Venus.jpg */ = {isa = PBXFileReference; lastKnownFileType = image.jpeg; path = Venus.jpg; sourceTree = "<group>"; };
		973A8EF419C1DE91009363AF /* OWSpaceObject.h */ = {isa = PBXFileReference; fileEncoding = 4; lastKnownFileType = sourcecode.c.h; path = OWSpaceObject.h; sourceTree = "<group>"; };
		973A8EF519C1DE91009363AF /* OWSpaceObject.m */ = {isa = PBXFileReference; fileEncoding = 4; lastKnownFileType = sourcecode.c.objc; path = OWSpaceObject.m; sourceTree = "<group>"; };
		97833A9B19C2E53500AAAD34 /* OWSpaceImageViewController.h */ = {isa = PBXFileReference; fileEncoding = 4; lastKnownFileType = sourcecode.c.h; path = OWSpaceImageViewController.h; sourceTree = "<group>"; };
		97833A9C19C2E53500AAAD34 /* OWSpaceImageViewController.m */ = {isa = PBXFileReference; fileEncoding = 4; lastKnownFileType = sourcecode.c.objc; path = OWSpaceImageViewController.m; sourceTree = "<group>"; };
		97833AA119C325A500AAAD34 /* OWSpaceDataViewController.h */ = {isa = PBXFileReference; fileEncoding = 4; lastKnownFileType = sourcecode.c.h; path = OWSpaceDataViewController.h; sourceTree = "<group>"; };
		97833AA219C325A500AAAD34 /* OWSpaceDataViewController.m */ = {isa = PBXFileReference; fileEncoding = 4; lastKnownFileType = sourcecode.c.objc; path = OWSpaceDataViewController.m; sourceTree = "<group>"; };
/* End PBXFileReference section */

/* Begin PBXFrameworksBuildPhase section */
		973A8E9F19C1A3AE009363AF /* Frameworks */ = {
			isa = PBXFrameworksBuildPhase;
			buildActionMask = 2147483647;
			files = (
				973A8EA819C1A3AE009363AF /* CoreGraphics.framework in Frameworks */,
				973A8EAA19C1A3AE009363AF /* UIKit.framework in Frameworks */,
				973A8EA619C1A3AE009363AF /* Foundation.framework in Frameworks */,
			);
			runOnlyForDeploymentPostprocessing = 0;
		};
		973A8EC019C1A3AF009363AF /* Frameworks */ = {
			isa = PBXFrameworksBuildPhase;
			buildActionMask = 2147483647;
			files = (
				973A8EC519C1A3AF009363AF /* XCTest.framework in Frameworks */,
				973A8EC719C1A3AF009363AF /* UIKit.framework in Frameworks */,
				973A8EC619C1A3AF009363AF /* Foundation.framework in Frameworks */,
			);
			runOnlyForDeploymentPostprocessing = 0;
		};
/* End PBXFrameworksBuildPhase section */

/* Begin PBXGroup section */
		973A8E9919C1A3AE009363AF = {
			isa = PBXGroup;
			children = (
				973A8EAB19C1A3AE009363AF /* Out Of This World */,
				973A8ECA19C1A3AF009363AF /* Out Of This WorldTests */,
				973A8EA419C1A3AE009363AF /* Frameworks */,
				973A8EA319C1A3AE009363AF /* Products */,
			);
			sourceTree = "<group>";
		};
		973A8EA319C1A3AE009363AF /* Products */ = {
			isa = PBXGroup;
			children = (
				973A8EA219C1A3AE009363AF /* Out Of This World.app */,
				973A8EC319C1A3AF009363AF /* Out Of This WorldTests.xctest */,
			);
			name = Products;
			sourceTree = "<group>";
		};
		973A8EA419C1A3AE009363AF /* Frameworks */ = {
			isa = PBXGroup;
			children = (
				973A8EA519C1A3AE009363AF /* Foundation.framework */,
				973A8EA719C1A3AE009363AF /* CoreGraphics.framework */,
				973A8EA919C1A3AE009363AF /* UIKit.framework */,
				973A8EC419C1A3AF009363AF /* XCTest.framework */,
			);
			name = Frameworks;
			sourceTree = "<group>";
		};
		973A8EAB19C1A3AE009363AF /* Out Of This World */ = {
			isa = PBXGroup;
			children = (
				973A8EB419C1A3AE009363AF /* OWAppDelegate.h */,
				973A8EB519C1A3AE009363AF /* OWAppDelegate.m */,
				973A8EB719C1A3AE009363AF /* Main.storyboard */,
				97833A9B19C2E53500AAAD34 /* OWSpaceImageViewController.h */,
				97833A9C19C2E53500AAAD34 /* OWSpaceImageViewController.m */,
				973A8EDA19C1A4AF009363AF /* OWOuterSpaceTableViewController.h */,
				973A8EDB19C1A4AF009363AF /* OWOuterSpaceTableViewController.m */,
				97833AA119C325A500AAAD34 /* OWSpaceDataViewController.h */,
				97833AA219C325A500AAAD34 /* OWSpaceDataViewController.m */,
				973A8EF419C1DE91009363AF /* OWSpaceObject.h */,
				973A8EF519C1DE91009363AF /* OWSpaceObject.m */,
				973A8EBD19C1A3AE009363AF /* Images.xcassets */,
				973A8EAC19C1A3AE009363AF /* Supporting Files */,
			);
			path = "Out Of This World";
			sourceTree = "<group>";
		};
		973A8EAC19C1A3AE009363AF /* Supporting Files */ = {
			isa = PBXGroup;
			children = (
				973A8EE019C1DDF3009363AF /* Earth.jpg */,
				973A8EE119C1DDF3009363AF /* EinsteinRing.jpg */,
				973A8EE219C1DDF3009363AF /* Jupiter.jpg */,
				973A8EE319C1DDF3009363AF /* Mars.jpg */,
				973A8EE419C1DDF3009363AF /* Mercury.jpg */,
				973A8EE519C1DDF3009363AF /* Neptune.jpg */,
				973A8EE619C1DDF3009363AF /* Orion.jpg */,
				973A8EE719C1DDF3009363AF /* Saturn.jpg */,
				973A8EE819C1DDF3009363AF /* Uranus.jpg */,
				973A8EE919C1DDF3009363AF /* Venus.jpg */,
				973A8EDD19C1BC69009363AF /* AstronomicalData.h */,
				973A8EDE19C1BC69009363AF /* AstronomicalData.m */,
				973A8EAD19C1A3AE009363AF /* Out Of This World-Info.plist */,
				973A8EAE19C1A3AE009363AF /* InfoPlist.strings */,
				973A8EB119C1A3AE009363AF /* main.m */,
				973A8EB319C1A3AE009363AF /* Out Of This World-Prefix.pch */,
			);
			name = "Supporting Files";
			sourceTree = "<group>";
		};
		973A8ECA19C1A3AF009363AF /* Out Of This WorldTests */ = {
			isa = PBXGroup;
			children = (
				973A8ED019C1A3AF009363AF /* Out_Of_This_WorldTests.m */,
				973A8ECB19C1A3AF009363AF /* Supporting Files */,
			);
			path = "Out Of This WorldTests";
			sourceTree = "<group>";
		};
		973A8ECB19C1A3AF009363AF /* Supporting Files */ = {
			isa = PBXGroup;
			children = (
				973A8ECC19C1A3AF009363AF /* Out Of This WorldTests-Info.plist */,
				973A8ECD19C1A3AF009363AF /* InfoPlist.strings */,
			);
			name = "Supporting Files";
			sourceTree = "<group>";
		};
/* End PBXGroup section */

/* Begin PBXNativeTarget section */
		973A8EA119C1A3AE009363AF /* Out Of This World */ = {
			isa = PBXNativeTarget;
			buildConfigurationList = 973A8ED419C1A3AF009363AF /* Build configuration list for PBXNativeTarget "Out Of This World" */;
			buildPhases = (
				973A8E9E19C1A3AE009363AF /* Sources */,
				973A8E9F19C1A3AE009363AF /* Frameworks */,
				973A8EA019C1A3AE009363AF /* Resources */,
			);
			buildRules = (
			);
			dependencies = (
			);
			name = "Out Of This World";
			productName = "Out Of This World";
			productReference = 973A8EA219C1A3AE009363AF /* Out Of This World.app */;
			productType = "com.apple.product-type.application";
		};
		973A8EC219C1A3AF009363AF /* Out Of This WorldTests */ = {
			isa = PBXNativeTarget;
			buildConfigurationList = 973A8ED719C1A3AF009363AF /* Build configuration list for PBXNativeTarget "Out Of This WorldTests" */;
			buildPhases = (
				973A8EBF19C1A3AF009363AF /* Sources */,
				973A8EC019C1A3AF009363AF /* Frameworks */,
				973A8EC119C1A3AF009363AF /* Resources */,
			);
			buildRules = (
			);
			dependencies = (
				973A8EC919C1A3AF009363AF /* PBXTargetDependency */,
			);
			name = "Out Of This WorldTests";
			productName = "Out Of This WorldTests";
			productReference = 973A8EC319C1A3AF009363AF /* Out Of This WorldTests.xctest */;
			productType = "com.apple.product-type.bundle.unit-test";
		};
/* End PBXNativeTarget section */

/* Begin PBXProject section */
		973A8E9A19C1A3AE009363AF /* Project object */ = {
			isa = PBXProject;
			attributes = {
				CLASSPREFIX = OW;
				LastUpgradeCheck = 0510;
				ORGANIZATIONNAME = "Kamuli Software";
				TargetAttributes = {
					973A8EC219C1A3AF009363AF = {
						TestTargetID = 973A8EA119C1A3AE009363AF;
					};
				};
			};
			buildConfigurationList = 973A8E9D19C1A3AE009363AF /* Build configuration list for PBXProject "Out Of This World" */;
			compatibilityVersion = "Xcode 3.2";
			developmentRegion = English;
			hasScannedForEncodings = 0;
			knownRegions = (
				en,
				Base,
			);
			mainGroup = 973A8E9919C1A3AE009363AF;
			productRefGroup = 973A8EA319C1A3AE009363AF /* Products */;
			projectDirPath = "";
			projectRoot = "";
			targets = (
				973A8EA119C1A3AE009363AF /* Out Of This World */,
				973A8EC219C1A3AF009363AF /* Out Of This WorldTests */,
			);
		};
/* End PBXProject section */

/* Begin PBXResourcesBuildPhase section */
		973A8EA019C1A3AE009363AF /* Resources */ = {
			isa = PBXResourcesBuildPhase;
			buildActionMask = 2147483647;
			files = (
				973A8EEA19C1DDF3009363AF /* Earth.jpg in Resources */,
				973A8EF319C1DDF3009363AF /* Venus.jpg in Resources */,
				973A8EEE19C1DDF3009363AF /* Mercury.jpg in Resources */,
				973A8EF119C1DDF3009363AF /* Saturn.jpg in Resources */,
				973A8EF219C1DDF3009363AF /* Uranus.jpg in Resources */,
				973A8EBE19C1A3AE009363AF /* Images.xcassets in Resources */,
				973A8EEF19C1DDF3009363AF /* Neptune.jpg in Resources */,
				973A8EED19C1DDF3009363AF /* Mars.jpg in Resources */,
				973A8EB019C1A3AE009363AF /* InfoPlist.strings in Resources */,
				973A8EB919C1A3AE009363AF /* Main.storyboard in Resources */,
				973A8EEB19C1DDF3009363AF /* EinsteinRing.jpg in Resources */,
				973A8EEC19C1DDF3009363AF /* Jupiter.jpg in Resources */,
				973A8EF019C1DDF3009363AF /* Orion.jpg in Resources */,
			);
			runOnlyForDeploymentPostprocessing = 0;
		};
		973A8EC119C1A3AF009363AF /* Resources */ = {
			isa = PBXResourcesBuildPhase;
			buildActionMask = 2147483647;
			files = (
				973A8ECF19C1A3AF009363AF /* InfoPlist.strings in Resources */,
			);
			runOnlyForDeploymentPostprocessing = 0;
		};
/* End PBXResourcesBuildPhase section */

/* Begin PBXSourcesBuildPhase section */
		973A8E9E19C1A3AE009363AF /* Sources */ = {
			isa = PBXSourcesBuildPhase;
			buildActionMask = 2147483647;
			files = (
				973A8EDC19C1A4AF009363AF /* OWOuterSpaceTableViewController.m in Sources */,
				973A8EF619C1DE91009363AF /* OWSpaceObject.m in Sources */,
				973A8EB619C1A3AE009363AF /* OWAppDelegate.m in Sources */,
				973A8EB219C1A3AE009363AF /* main.m in Sources */,
				973A8EDF19C1BC69009363AF /* AstronomicalData.m in Sources */,
				97833AA319C325A500AAAD34 /* OWSpaceDataViewController.m in Sources */,
				97833A9D19C2E53500AAAD34 /* OWSpaceImageViewController.m in Sources */,
			);
			runOnlyForDeploymentPostprocessing = 0;
		};
		973A8EBF19C1A3AF009363AF /* Sources */ = {
			isa = PBXSourcesBuildPhase;
			buildActionMask = 2147483647;
			files = (
				973A8ED119C1A3AF009363AF /* Out_Of_This_WorldTests.m in Sources */,
			);
			runOnlyForDeploymentPostprocessing = 0;
		};
/* End PBXSourcesBuildPhase section */

/* Begin PBXTargetDependency section */
		973A8EC919C1A3AF009363AF /* PBXTargetDependency */ = {
			isa = PBXTargetDependency;
			target = 973A8EA119C1A3AE009363AF /* Out Of This World */;
			targetProxy = 973A8EC819C1A3AF009363AF /* PBXContainerItemProxy */;
		};
/* End PBXTargetDependency section */

/* Begin PBXVariantGroup section */
		973A8EAE19C1A3AE009363AF /* InfoPlist.strings */ = {
			isa = PBXVariantGroup;
			children = (
				973A8EAF19C1A3AE009363AF /* en */,
			);
			name = InfoPlist.strings;
			sourceTree = "<group>";
		};
		973A8EB719C1A3AE009363AF /* Main.storyboard */ = {
			isa = PBXVariantGroup;
			children = (
				973A8EB819C1A3AE009363AF /* Base */,
			);
			name = Main.storyboard;
			sourceTree = "<group>";
		};
		973A8ECD19C1A3AF009363AF /* InfoPlist.strings */ = {
			isa = PBXVariantGroup;
			children = (
				973A8ECE19C1A3AF009363AF /* en */,
			);
			name = InfoPlist.strings;
			sourceTree = "<group>";
		};
/* End PBXVariantGroup section */

/* Begin XCBuildConfiguration section */
		973A8ED219C1A3AF009363AF /* Debug */ = {
			isa = XCBuildConfiguration;
			buildSettings = {
				ALWAYS_SEARCH_USER_PATHS = NO;
				CLANG_CXX_LANGUAGE_STANDARD = "gnu++0x";
				CLANG_CXX_LIBRARY = "libc++";
				CLANG_ENABLE_MODULES = YES;
				CLANG_ENABLE_OBJC_ARC = YES;
				CLANG_WARN_BOOL_CONVERSION = YES;
				CLANG_WARN_CONSTANT_CONVERSION = YES;
				CLANG_WARN_DIRECT_OBJC_ISA_USAGE = YES_ERROR;
				CLANG_WARN_EMPTY_BODY = YES;
				CLANG_WARN_ENUM_CONVERSION = YES;
				CLANG_WARN_INT_CONVERSION = YES;
				CLANG_WARN_OBJC_ROOT_CLASS = YES_ERROR;
				CLANG_WARN__DUPLICATE_METHOD_MATCH = YES;
				"CODE_SIGN_IDENTITY[sdk=iphoneos*]" = "iPhone Developer";
				COPY_PHASE_STRIP = NO;
				GCC_C_LANGUAGE_STANDARD = gnu99;
				GCC_DYNAMIC_NO_PIC = NO;
				GCC_OPTIMIZATION_LEVEL = 0;
				GCC_PREPROCESSOR_DEFINITIONS = (
					"DEBUG=1",
					"$(inherited)",
				);
				GCC_SYMBOLS_PRIVATE_EXTERN = NO;
				GCC_WARN_64_TO_32_BIT_CONVERSION = YES;
				GCC_WARN_ABOUT_RETURN_TYPE = YES_ERROR;
				GCC_WARN_UNDECLARED_SELECTOR = YES;
				GCC_WARN_UNINITIALIZED_AUTOS = YES_AGGRESSIVE;
				GCC_WARN_UNUSED_FUNCTION = YES;
				GCC_WARN_UNUSED_VARIABLE = YES;
				IPHONEOS_DEPLOYMENT_TARGET = 7.1;
				ONLY_ACTIVE_ARCH = YES;
				SDKROOT = iphoneos;
			};
			name = Debug;
		};
		973A8ED319C1A3AF009363AF /* Release */ = {
			isa = XCBuildConfiguration;
			buildSettings = {
				ALWAYS_SEARCH_USER_PATHS = NO;
				CLANG_CXX_LANGUAGE_STANDARD = "gnu++0x";
				CLANG_CXX_LIBRARY = "libc++";
				CLANG_ENABLE_MODULES = YES;
				CLANG_ENABLE_OBJC_ARC = YES;
				CLANG_WARN_BOOL_CONVERSION = YES;
				CLANG_WARN_CONSTANT_CONVERSION = YES;
				CLANG_WARN_DIRECT_OBJC_ISA_USAGE = YES_ERROR;
				CLANG_WARN_EMPTY_BODY = YES;
				CLANG_WARN_ENUM_CONVERSION = YES;
				CLANG_WARN_INT_CONVERSION = YES;
				CLANG_WARN_OBJC_ROOT_CLASS = YES_ERROR;
				CLANG_WARN__DUPLICATE_METHOD_MATCH = YES;
				"CODE_SIGN_IDENTITY[sdk=iphoneos*]" = "iPhone Developer";
				COPY_PHASE_STRIP = YES;
				ENABLE_NS_ASSERTIONS = NO;
				GCC_C_LANGUAGE_STANDARD = gnu99;
				GCC_WARN_64_TO_32_BIT_CONVERSION = YES;
				GCC_WARN_ABOUT_RETURN_TYPE = YES_ERROR;
				GCC_WARN_UNDECLARED_SELECTOR = YES;
				GCC_WARN_UNINITIALIZED_AUTOS = YES_AGGRESSIVE;
				GCC_WARN_UNUSED_FUNCTION = YES;
				GCC_WARN_UNUSED_VARIABLE = YES;
				IPHONEOS_DEPLOYMENT_TARGET = 7.1;
				SDKROOT = iphoneos;
				VALIDATE_PRODUCT = YES;
			};
			name = Release;
		};
		973A8ED519C1A3AF009363AF /* Debug */ = {
			isa = XCBuildConfiguration;
			buildSettings = {
				ASSETCATALOG_COMPILER_APPICON_NAME = AppIcon;
				ASSETCATALOG_COMPILER_LAUNCHIMAGE_NAME = LaunchImage;
				GCC_PRECOMPILE_PREFIX_HEADER = YES;
				GCC_PREFIX_HEADER = "Out Of This World/Out Of This World-Prefix.pch";
				INFOPLIST_FILE = "Out Of This World/Out Of This World-Info.plist";
				PRODUCT_NAME = "$(TARGET_NAME)";
				WRAPPER_EXTENSION = app;
			};
			name = Debug;
		};
		973A8ED619C1A3AF009363AF /* Release */ = {
			isa = XCBuildConfiguration;
			buildSettings = {
				ASSETCATALOG_COMPILER_APPICON_NAME = AppIcon;
				ASSETCATALOG_COMPILER_LAUNCHIMAGE_NAME = LaunchImage;
				GCC_PRECOMPILE_PREFIX_HEADER = YES;
				GCC_PREFIX_HEADER = "Out Of This World/Out Of This World-Prefix.pch";
				INFOPLIST_FILE = "Out Of This World/Out Of This World-Info.plist";
				PRODUCT_NAME = "$(TARGET_NAME)";
				WRAPPER_EXTENSION = app;
			};
			name = Release;
		};
		973A8ED819C1A3AF009363AF /* Debug */ = {
			isa = XCBuildConfiguration;
			buildSettings = {
				BUNDLE_LOADER = "$(BUILT_PRODUCTS_DIR)/Out Of This World.app/Out Of This World";
				FRAMEWORK_SEARCH_PATHS = (
					"$(SDKROOT)/Developer/Library/Frameworks",
					"$(inherited)",
					"$(DEVELOPER_FRAMEWORKS_DIR)",
				);
				GCC_PRECOMPILE_PREFIX_HEADER = YES;
				GCC_PREFIX_HEADER = "Out Of This World/Out Of This World-Prefix.pch";
				GCC_PREPROCESSOR_DEFINITIONS = (
					"DEBUG=1",
					"$(inherited)",
				);
				INFOPLIST_FILE = "Out Of This WorldTests/Out Of This WorldTests-Info.plist";
				PRODUCT_NAME = "$(TARGET_NAME)";
				TEST_HOST = "$(BUNDLE_LOADER)";
				WRAPPER_EXTENSION = xctest;
			};
			name = Debug;
		};
		973A8ED919C1A3AF009363AF /* Release */ = {
			isa = XCBuildConfiguration;
			buildSettings = {
				BUNDLE_LOADER = "$(BUILT_PRODUCTS_DIR)/Out Of This World.app/Out Of This World";
				FRAMEWORK_SEARCH_PATHS = (
					"$(SDKROOT)/Developer/Library/Frameworks",
					"$(inherited)",
					"$(DEVELOPER_FRAMEWORKS_DIR)",
				);
				GCC_PRECOMPILE_PREFIX_HEADER = YES;
				GCC_PREFIX_HEADER = "Out Of This World/Out Of This World-Prefix.pch";
				INFOPLIST_FILE = "Out Of This WorldTests/Out Of This WorldTests-Info.plist";
				PRODUCT_NAME = "$(TARGET_NAME)";
				TEST_HOST = "$(BUNDLE_LOADER)";
				WRAPPER_EXTENSION = xctest;
			};
			name = Release;
		};
/* End XCBuildConfiguration section */

/* Begin XCConfigurationList section */
		973A8E9D19C1A3AE009363AF /* Build configuration list for PBXProject "Out Of This World" */ = {
			isa = XCConfigurationList;
			buildConfigurations = (
				973A8ED219C1A3AF009363AF /* Debug */,
				973A8ED319C1A3AF009363AF /* Release */,
			);
			defaultConfigurationIsVisible = 0;
			defaultConfigurationName = Release;
		};
		973A8ED419C1A3AF009363AF /* Build configuration list for PBXNativeTarget "Out Of This World" */ = {
			isa = XCConfigurationList;
			buildConfigurations = (
				973A8ED519C1A3AF009363AF /* Debug */,
				973A8ED619C1A3AF009363AF /* Release */,
			);
			defaultConfigurationIsVisible = 0;
			defaultConfigurationName = Release;
		};
		973A8ED719C1A3AF009363AF /* Build configuration list for PBXNativeTarget "Out Of This WorldTests" */ = {
			isa = XCConfigurationList;
			buildConfigurations = (
				973A8ED819C1A3AF009363AF /* Debug */,
				973A8ED919C1A3AF009363AF /* Release */,
			);
			defaultConfigurationIsVisible = 0;
			defaultConfigurationName = Release;
		};
/* End XCConfigurationList section */
	};
	rootObject = 973A8E9A19C1A3AE009363AF /* Project object */;
}
